
Microsoft Visual Studio Solution File, Format Version 12.00
# Visual Studio Version 16
VisualStudioVersion = 16.0.32929.386
MinimumVisualStudioVersion = 10.0.40219.1
Project("{FAE04EC0-301F-11D3-BF4B-00C04F79EFBC}") = "BooleanLogicApp", "BooleanLogicApp\BooleanLogicApp.csproj", "{DE92E8A4-6AE7-4D1E-AE8D-C3D7A70746CB}"
EndProject
Global
	GlobalSection(SolutionConfigurationPlatforms) = preSolution
		Debug|Any CPU = Debug|Any CPU
		Release|Any CPU = Release|Any CPU
	EndGlobalSection
	GlobalSection(ProjectConfigurationPlatforms) = postSolution
		{DE92E8A4-6AE7-4D1E-AE8D-C3D7A70746CB}.Debug|Any CPU.ActiveCfg = Debug|Any CPU
		{DE92E8A4-6AE7-4D1E-AE8D-C3D7A70746CB}.Debug|Any CPU.Build.0 = Debug|Any CPU
		{DE92E8A4-6AE7-4D1E-AE8D-C3D7A70746CB}.Release|Any CPU.ActiveCfg = Release|Any CPU
		{DE92E8A4-6AE7-4D1E-AE8D-C3D7A70746CB}.Release|Any CPU.Build.0 = Release|Any CPU
	EndGlobalSection
	GlobalSection(SolutionProperties) = preSolution
		HideSolutionNode = FALSE
	EndGlobalSection
	GlobalSection(ExtensibilityGlobals) = postSolution
		SolutionGuid = {72EBF7F8-2ABD-4124-849D-6C453A591121}
	EndGlobalSection
EndGlobal
