
Microsoft Visual Studio Solution File, Format Version 12.00
# Visual Studio Version 16
VisualStudioVersion = 16.0.32929.386
MinimumVisualStudioVersion = 10.0.40219.1
Project("{FAE04EC0-301F-11D3-BF4B-00C04F79EFBC}") = "CallingMethods", "CallingMethods\CallingMethods.csproj", "{C2DDA012-089C-424E-AA44-A32F34F8F372}"
EndProject
Global
	GlobalSection(SolutionConfigurationPlatforms) = preSolution
		Debug|Any CPU = Debug|Any CPU
		Release|Any CPU = Release|Any CPU
	EndGlobalSection
	GlobalSection(ProjectConfigurationPlatforms) = postSolution
		{C2DDA012-089C-424E-AA44-A32F34F8F372}.Debug|Any CPU.ActiveCfg = Debug|Any CPU
		{C2DDA012-089C-424E-AA44-A32F34F8F372}.Debug|Any CPU.Build.0 = Debug|Any CPU
		{C2DDA012-089C-424E-AA44-A32F34F8F372}.Release|Any CPU.ActiveCfg = Release|Any CPU
		{C2DDA012-089C-424E-AA44-A32F34F8F372}.Release|Any CPU.Build.0 = Release|Any CPU
	EndGlobalSection
	GlobalSection(SolutionProperties) = preSolution
		HideSolutionNode = FALSE
	EndGlobalSection
	GlobalSection(ExtensibilityGlobals) = postSolution
		SolutionGuid = {3117BE89-55AC-4CA4-97D8-3349A842DAA0}
	EndGlobalSection
EndGlobal
