
Microsoft Visual Studio Solution File, Format Version 12.00
# Visual Studio Version 16
VisualStudioVersion = 16.0.32929.386
MinimumVisualStudioVersion = 10.0.40219.1
Project("{FAE04EC0-301F-11D3-BF4B-00C04F79EFBC}") = "Scores", "Scores\Scores.csproj", "{552990DF-FF58-4044-9D08-8DBE5B445892}"
EndProject
Global
	GlobalSection(SolutionConfigurationPlatforms) = preSolution
		Debug|Any CPU = Debug|Any CPU
		Release|Any CPU = Release|Any CPU
	EndGlobalSection
	GlobalSection(ProjectConfigurationPlatforms) = postSolution
		{552990DF-FF58-4044-9D08-8DBE5B445892}.Debug|Any CPU.ActiveCfg = Debug|Any CPU
		{552990DF-FF58-4044-9D08-8DBE5B445892}.Debug|Any CPU.Build.0 = Debug|Any CPU
		{552990DF-FF58-4044-9D08-8DBE5B445892}.Release|Any CPU.ActiveCfg = Release|Any CPU
		{552990DF-FF58-4044-9D08-8DBE5B445892}.Release|Any CPU.Build.0 = Release|Any CPU
	EndGlobalSection
	GlobalSection(SolutionProperties) = preSolution
		HideSolutionNode = FALSE
	EndGlobalSection
	GlobalSection(ExtensibilityGlobals) = postSolution
		SolutionGuid = {4A39118B-04AF-439F-A445-D171D42F2269}
	EndGlobalSection
EndGlobal
