
Microsoft Visual Studio Solution File, Format Version 12.00
# Visual Studio Version 16
VisualStudioVersion = 16.0.32929.386
MinimumVisualStudioVersion = 10.0.40219.1
Project("{FAE04EC0-301F-11D3-BF4B-00C04F79EFBC}") = "ChallengeSubmission", "ChallengeSubmission\ChallengeSubmission.csproj", "{99E055C6-C56D-4026-A10E-97DC4BBF634D}"
EndProject
Global
	GlobalSection(SolutionConfigurationPlatforms) = preSolution
		Debug|Any CPU = Debug|Any CPU
		Release|Any CPU = Release|Any CPU
	EndGlobalSection
	GlobalSection(ProjectConfigurationPlatforms) = postSolution
		{99E055C6-C56D-4026-A10E-97DC4BBF634D}.Debug|Any CPU.ActiveCfg = Debug|Any CPU
		{99E055C6-C56D-4026-A10E-97DC4BBF634D}.Debug|Any CPU.Build.0 = Debug|Any CPU
		{99E055C6-C56D-4026-A10E-97DC4BBF634D}.Release|Any CPU.ActiveCfg = Release|Any CPU
		{99E055C6-C56D-4026-A10E-97DC4BBF634D}.Release|Any CPU.Build.0 = Release|Any CPU
	EndGlobalSection
	GlobalSection(SolutionProperties) = preSolution
		HideSolutionNode = FALSE
	EndGlobalSection
	GlobalSection(ExtensibilityGlobals) = postSolution
		SolutionGuid = {2ECD66AF-F664-48B6-8320-78B32B8E7386}
	EndGlobalSection
EndGlobal
