
Microsoft Visual Studio Solution File, Format Version 12.00
# Visual Studio Version 16
VisualStudioVersion = 16.0.32929.386
MinimumVisualStudioVersion = 10.0.40219.1
Project("{FAE04EC0-301F-11D3-BF4B-00C04F79EFBC}") = "while_and_do_while_statements", "while_and_do_while_statements\while_and_do_while_statements.csproj", "{14503CB0-68E6-4C82-AA0D-FAA2D709712C}"
EndProject
Global
	GlobalSection(SolutionConfigurationPlatforms) = preSolution
		Debug|Any CPU = Debug|Any CPU
		Release|Any CPU = Release|Any CPU
	EndGlobalSection
	GlobalSection(ProjectConfigurationPlatforms) = postSolution
		{14503CB0-68E6-4C82-AA0D-FAA2D709712C}.Debug|Any CPU.ActiveCfg = Debug|Any CPU
		{14503CB0-68E6-4C82-AA0D-FAA2D709712C}.Debug|Any CPU.Build.0 = Debug|Any CPU
		{14503CB0-68E6-4C82-AA0D-FAA2D709712C}.Release|Any CPU.ActiveCfg = Release|Any CPU
		{14503CB0-68E6-4C82-AA0D-FAA2D709712C}.Release|Any CPU.Build.0 = Release|Any CPU
	EndGlobalSection
	GlobalSection(SolutionProperties) = preSolution
		HideSolutionNode = FALSE
	EndGlobalSection
	GlobalSection(ExtensibilityGlobals) = postSolution
		SolutionGuid = {86AD3884-9F21-4432-AD99-C74D0E1B5ED3}
	EndGlobalSection
EndGlobal
