
Microsoft Visual Studio Solution File, Format Version 12.00
# Visual Studio Version 16
VisualStudioVersion = 16.0.32929.386
MinimumVisualStudioVersion = 10.0.40219.1
Project("{FAE04EC0-301F-11D3-BF4B-00C04F79EFBC}") = "ClassInstantiation", "ClassInstantiation\ClassInstantiation.csproj", "{6C494852-B03B-49EB-81E1-F79EA8270E32}"
EndProject
Global
	GlobalSection(SolutionConfigurationPlatforms) = preSolution
		Debug|Any CPU = Debug|Any CPU
		Release|Any CPU = Release|Any CPU
	EndGlobalSection
	GlobalSection(ProjectConfigurationPlatforms) = postSolution
		{6C494852-B03B-49EB-81E1-F79EA8270E32}.Debug|Any CPU.ActiveCfg = Debug|Any CPU
		{6C494852-B03B-49EB-81E1-F79EA8270E32}.Debug|Any CPU.Build.0 = Debug|Any CPU
		{6C494852-B03B-49EB-81E1-F79EA8270E32}.Release|Any CPU.ActiveCfg = Release|Any CPU
		{6C494852-B03B-49EB-81E1-F79EA8270E32}.Release|Any CPU.Build.0 = Release|Any CPU
	EndGlobalSection
	GlobalSection(SolutionProperties) = preSolution
		HideSolutionNode = FALSE
	EndGlobalSection
	GlobalSection(ExtensibilityGlobals) = postSolution
		SolutionGuid = {AC3DA795-A903-42F5-BED1-D5B2C0558EB6}
	EndGlobalSection
EndGlobal
