
Microsoft Visual Studio Solution File, Format Version 12.00
# Visual Studio Version 16
VisualStudioVersion = 16.0.32929.386
MinimumVisualStudioVersion = 10.0.40219.1
Project("{FAE04EC0-301F-11D3-BF4B-00C04F79EFBC}") = "Iteration", "Iteration\Iteration.csproj", "{CED9F8AD-ECE8-428A-82FA-8A0D273578D9}"
EndProject
Global
	GlobalSection(SolutionConfigurationPlatforms) = preSolution
		Debug|Any CPU = Debug|Any CPU
		Release|Any CPU = Release|Any CPU
	EndGlobalSection
	GlobalSection(ProjectConfigurationPlatforms) = postSolution
		{CED9F8AD-ECE8-428A-82FA-8A0D273578D9}.Debug|Any CPU.ActiveCfg = Debug|Any CPU
		{CED9F8AD-ECE8-428A-82FA-8A0D273578D9}.Debug|Any CPU.Build.0 = Debug|Any CPU
		{CED9F8AD-ECE8-428A-82FA-8A0D273578D9}.Release|Any CPU.ActiveCfg = Release|Any CPU
		{CED9F8AD-ECE8-428A-82FA-8A0D273578D9}.Release|Any CPU.Build.0 = Release|Any CPU
	EndGlobalSection
	GlobalSection(SolutionProperties) = preSolution
		HideSolutionNode = FALSE
	EndGlobalSection
	GlobalSection(ExtensibilityGlobals) = postSolution
		SolutionGuid = {AEFC62BD-DD24-48F9-A0B4-DE7A58E824E5}
	EndGlobalSection
EndGlobal
